
Microsoft Visual Studio Solution File, Format Version 12.00
# Visual Studio Version 16
VisualStudioVersion = 16.0.31105.61
MinimumVisualStudioVersion = 10.0.40219.1
Project("{FAE04EC0-301F-11D3-BF4B-00C04F79EFBC}") = "DemoTextValidation", "DemoTextValidation\DemoTextValidation.csproj", "{B3EDFE78-55D4-4472-883F-4166A3F07EDA}"
EndProject
Global
	GlobalSection(SolutionConfigurationPlatforms) = preSolution
		Debug|Any CPU = Debug|Any CPU
		Release|Any CPU = Release|Any CPU
	EndGlobalSection
	GlobalSection(ProjectConfigurationPlatforms) = postSolution
		{B3EDFE78-55D4-4472-883F-4166A3F07EDA}.Debug|Any CPU.ActiveCfg = Debug|Any CPU
		{B3EDFE78-55D4-4472-883F-4166A3F07EDA}.Debug|Any CPU.Build.0 = Debug|Any CPU
		{B3EDFE78-55D4-4472-883F-4166A3F07EDA}.Release|Any CPU.ActiveCfg = Release|Any CPU
		{B3EDFE78-55D4-4472-883F-4166A3F07EDA}.Release|Any CPU.Build.0 = Release|Any CPU
	EndGlobalSection
	GlobalSection(SolutionProperties) = preSolution
		HideSolutionNode = FALSE
	EndGlobalSection
	GlobalSection(ExtensibilityGlobals) = postSolution
		SolutionGuid = {32402F6E-8941-4B09-B5CD-56D14B49132D}
	EndGlobalSection
EndGlobal
